
Microsoft Visual Studio Solution File, Format Version 12.00
# Visual Studio Version 17
VisualStudioVersion = 17.9.34701.34
MinimumVisualStudioVersion = 10.0.40219.1
Project("{FAE04EC0-301F-11D3-BF4B-00C04F79EFBC}") = "BookLab.Domain", "BookLab.Domain\BookLab.Domain.csproj", "{9EA38920-CA1B-47FF-B9EC-716C8C5A29E7}"
EndProject
Project("{FAE04EC0-301F-11D3-BF4B-00C04F79EFBC}") = "BookLab.Infrastructure", "BookLab.Infrastructure\BookLab.Infrastructure.csproj", "{17848540-3CC0-4304-9339-EF9AAEF8D26B}"
EndProject
Global
	GlobalSection(SolutionConfigurationPlatforms) = preSolution
		Debug|Any CPU = Debug|Any CPU
		Release|Any CPU = Release|Any CPU
	EndGlobalSection
	GlobalSection(ProjectConfigurationPlatforms) = postSolution
		{9EA38920-CA1B-47FF-B9EC-716C8C5A29E7}.Debug|Any CPU.ActiveCfg = Debug|Any CPU
		{9EA38920-CA1B-47FF-B9EC-716C8C5A29E7}.Debug|Any CPU.Build.0 = Debug|Any CPU
		{9EA38920-CA1B-47FF-B9EC-716C8C5A29E7}.Release|Any CPU.ActiveCfg = Release|Any CPU
		{9EA38920-CA1B-47FF-B9EC-716C8C5A29E7}.Release|Any CPU.Build.0 = Release|Any CPU
		{17848540-3CC0-4304-9339-EF9AAEF8D26B}.Debug|Any CPU.ActiveCfg = Debug|Any CPU
		{17848540-3CC0-4304-9339-EF9AAEF8D26B}.Debug|Any CPU.Build.0 = Debug|Any CPU
		{17848540-3CC0-4304-9339-EF9AAEF8D26B}.Release|Any CPU.ActiveCfg = Release|Any CPU
		{17848540-3CC0-4304-9339-EF9AAEF8D26B}.Release|Any CPU.Build.0 = Release|Any CPU
	EndGlobalSection
	GlobalSection(SolutionProperties) = preSolution
		HideSolutionNode = FALSE
	EndGlobalSection
	GlobalSection(ExtensibilityGlobals) = postSolution
		SolutionGuid = {27081976-0590-4CBA-8558-D0D42C61BCFD}
	EndGlobalSection
EndGlobal
